
Microsoft Visual Studio Solution File, Format Version 12.00
# Visual Studio Version 16
VisualStudioVersion = 16.0.31729.503
MinimumVisualStudioVersion = 10.0.40219.1
Project("{FAE04EC0-301F-11D3-BF4B-00C04F79EFBC}") = "RealEstate", "RealEstate\RealEstate.csproj", "{CDBCFFC7-7D52-49D4-85DB-38D9C16A7109}"
EndProject
Project("{FAE04EC0-301F-11D3-BF4B-00C04F79EFBC}") = "RealEstateGUI", "RealEstateGUI\RealEstateGUI.csproj", "{A25E4812-84B6-4B2E-8D8D-D5CAF16F2E85}"
EndProject
Global
	GlobalSection(SolutionConfigurationPlatforms) = preSolution
		Debug|Any CPU = Debug|Any CPU
		Release|Any CPU = Release|Any CPU
	EndGlobalSection
	GlobalSection(ProjectConfigurationPlatforms) = postSolution
		{CDBCFFC7-7D52-49D4-85DB-38D9C16A7109}.Debug|Any CPU.ActiveCfg = Debug|Any CPU
		{CDBCFFC7-7D52-49D4-85DB-38D9C16A7109}.Debug|Any CPU.Build.0 = Debug|Any CPU
		{CDBCFFC7-7D52-49D4-85DB-38D9C16A7109}.Release|Any CPU.ActiveCfg = Release|Any CPU
		{CDBCFFC7-7D52-49D4-85DB-38D9C16A7109}.Release|Any CPU.Build.0 = Release|Any CPU
		{A25E4812-84B6-4B2E-8D8D-D5CAF16F2E85}.Debug|Any CPU.ActiveCfg = Debug|Any CPU
		{A25E4812-84B6-4B2E-8D8D-D5CAF16F2E85}.Debug|Any CPU.Build.0 = Debug|Any CPU
		{A25E4812-84B6-4B2E-8D8D-D5CAF16F2E85}.Release|Any CPU.ActiveCfg = Release|Any CPU
		{A25E4812-84B6-4B2E-8D8D-D5CAF16F2E85}.Release|Any CPU.Build.0 = Release|Any CPU
	EndGlobalSection
	GlobalSection(SolutionProperties) = preSolution
		HideSolutionNode = FALSE
	EndGlobalSection
	GlobalSection(ExtensibilityGlobals) = postSolution
		SolutionGuid = {3B807D6F-63FA-416B-8413-5DAEF3E5DD8A}
	EndGlobalSection
EndGlobal
